
Microsoft Visual Studio Solution File, Format Version 12.00
Project("{FAE04EC0-301F-11D3-BF4B-00C04F79EFBC}") = "OpenPrivateers.Web", "OpenPrivateers.Web\OpenPrivateers.Web.csproj", "{F353D2B8-2AA7-4541-A7F5-D72438B80BB1}"
EndProject
Project("{FAE04EC0-301F-11D3-BF4B-00C04F79EFBC}") = "OpenPrivateers.API", "OpenPrivateers.API\OpenPrivateers.API.csproj", "{9CE843FE-3AF1-4881-8084-7667DB100AD3}"
EndProject
Global
	GlobalSection(SolutionConfigurationPlatforms) = preSolution
		Debug|Any CPU = Debug|Any CPU
		Release|Any CPU = Release|Any CPU
	EndGlobalSection
	GlobalSection(ProjectConfigurationPlatforms) = postSolution
		{F353D2B8-2AA7-4541-A7F5-D72438B80BB1}.Debug|Any CPU.ActiveCfg = Debug|Any CPU
		{F353D2B8-2AA7-4541-A7F5-D72438B80BB1}.Debug|Any CPU.Build.0 = Debug|Any CPU
		{F353D2B8-2AA7-4541-A7F5-D72438B80BB1}.Release|Any CPU.ActiveCfg = Release|Any CPU
		{F353D2B8-2AA7-4541-A7F5-D72438B80BB1}.Release|Any CPU.Build.0 = Release|Any CPU
		{9CE843FE-3AF1-4881-8084-7667DB100AD3}.Debug|Any CPU.ActiveCfg = Debug|Any CPU
		{9CE843FE-3AF1-4881-8084-7667DB100AD3}.Debug|Any CPU.Build.0 = Debug|Any CPU
		{9CE843FE-3AF1-4881-8084-7667DB100AD3}.Release|Any CPU.ActiveCfg = Release|Any CPU
		{9CE843FE-3AF1-4881-8084-7667DB100AD3}.Release|Any CPU.Build.0 = Release|Any CPU
	EndGlobalSection
EndGlobal
